{
  "name": "petadoption3",
  "version": "1.0.0",
  "lockfileVersion": 3,
  "requires": true,
  "packages": {
    "": {
      "name": "petadoption3",
      "version": "1.0.0",
      "license": "ISC",
      "dependencies": {
        "marked": "^15.0.11"
      },
      "devDependencies": {
        "mark.js": "^8.11.1"
      }
    },
    "node_modules/mark.js": {
      "version": "8.11.1",
      "resolved": "https://registry.npmmirror.com/mark.js/-/mark.js-8.11.1.tgz",
      "integrity": "sha512-1I+1qpDt4idfgLQG+BNWmrqku+7/2bi5nLf4YwF8y8zXvmfiTBY3PV3ZibfrjBueCByROpuBjLLFCajqkgYoLQ==",
      "dev": true,
      "license": "MIT"
    },
    "node_modules/marked": {
      "version": "15.0.11",
      "resolved": "https://registry.npmmirror.com/marked/-/marked-15.0.11.tgz",
      "integrity": "sha512-1BEXAU2euRCG3xwgLVT1y0xbJEld1XOrmRJpUwRCcy7rxhSCwMrmEu9LXoPhHSCJG41V7YcQ2mjKRr5BA3ITIA==",
      "license": "MIT",
      "bin": {
        "marked": "bin/marked.js"
      },
      "engines": {
        "node": ">= 18"
      }
    }
  }
}
